
Microsoft Visual Studio Solution File, Format Version 12.00
# Visual Studio Version 16
VisualStudioVersion = 25.0.1703.8
MinimumVisualStudioVersion = 10.0.40219.1
Project("{FAE04EC0-301F-11D3-BF4B-00C04F79EFBC}") = "Ecommerce", "Ecommerce.csproj", "{CEA38B95-35C4-4161-8D2A-F18CAF6E131E}"
EndProject
Project("{2150E333-8FDC-42A3-9474-1A3956D46DE8}") = "Solution Items", "Solution Items", "{6875CF49-5C4D-49A9-BE5C-F1813A047C70}"
	ProjectSection(SolutionItems) = preProject
		AppDbContext.cs = AppDbContext.cs
	EndProjectSection
EndProject
Global
	GlobalSection(SolutionConfigurationPlatforms) = preSolution
		Debug|Any CPU = Debug|Any CPU
		Release|Any CPU = Release|Any CPU
	EndGlobalSection
	GlobalSection(ProjectConfigurationPlatforms) = postSolution
		{CEA38B95-35C4-4161-8D2A-F18CAF6E131E}.Debug|Any CPU.ActiveCfg = Debug|Any CPU
		{CEA38B95-35C4-4161-8D2A-F18CAF6E131E}.Debug|Any CPU.Build.0 = Debug|Any CPU
		{CEA38B95-35C4-4161-8D2A-F18CAF6E131E}.Release|Any CPU.ActiveCfg = Release|Any CPU
		{CEA38B95-35C4-4161-8D2A-F18CAF6E131E}.Release|Any CPU.Build.0 = Release|Any CPU
	EndGlobalSection
	GlobalSection(SolutionProperties) = preSolution
		HideSolutionNode = FALSE
	EndGlobalSection
	GlobalSection(ExtensibilityGlobals) = postSolution
		SolutionGuid = {8BDA6B98-036C-4983-864F-150193117060}
	EndGlobalSection
EndGlobal
